// !$*UTF8*$!
{
	archiveVersion = 1;
	classes = {
	};
	objectVersion = 56;
	objects = {

/* Begin PBXBuildFile section */
		DD3E7F052C952B88004FD76C /* DetailTask.swift in Sources */ = {isa = PBXBuildFile; fileRef = DD3E7F042C952B88004FD76C /* DetailTask.swift */; };
		DD6488AE2C645CCA00506BD7 /* OffsetKey.swift in Sources */ = {isa = PBXBuildFile; fileRef = DD6488AD2C645CCA00506BD7 /* OffsetKey.swift */; };
		DDA84EEC2C53897C00F5EC50 /* TaskManagementApp.swift in Sources */ = {isa = PBXBuildFile; fileRef = DDA84EEB2C53897C00F5EC50 /* TaskManagementApp.swift */; };
		DDA84EEE2C53897C00F5EC50 /* ContentView.swift in Sources */ = {isa = PBXBuildFile; fileRef = DDA84EED2C53897C00F5EC50 /* ContentView.swift */; };
		DDA84EF02C53897E00F5EC50 /* Assets.xcassets in Resources */ = {isa = PBXBuildFile; fileRef = DDA84EEF2C53897E00F5EC50 /* Assets.xcassets */; };
		DDA84EF32C53897E00F5EC50 /* Preview Assets.xcassets in Resources */ = {isa = PBXBuildFile; fileRef = DDA84EF22C53897E00F5EC50 /* Preview Assets.xcassets */; };
		DDC45F1E2C587F2F00A38EBB /* Ubuntu-Regular.ttf in Resources */ = {isa = PBXBuildFile; fileRef = DDC45F1A2C587F2F00A38EBB /* Ubuntu-Regular.ttf */; };
		DDC45F1F2C587F2F00A38EBB /* Ubuntu-Bold.ttf in Resources */ = {isa = PBXBuildFile; fileRef = DDC45F1B2C587F2F00A38EBB /* Ubuntu-Bold.ttf */; };
		DDC45F202C587F2F00A38EBB /* Ubuntu-Medium.ttf in Resources */ = {isa = PBXBuildFile; fileRef = DDC45F1C2C587F2F00A38EBB /* Ubuntu-Medium.ttf */; };
		DDC45F212C587F2F00A38EBB /* Ubuntu-Light.ttf in Resources */ = {isa = PBXBuildFile; fileRef = DDC45F1D2C587F2F00A38EBB /* Ubuntu-Light.ttf */; };
		DDC45F242C587FB100A38EBB /* Home.swift in Sources */ = {isa = PBXBuildFile; fileRef = DDC45F232C587FB100A38EBB /* Home.swift */; };
		DDC45F262C58811B00A38EBB /* Ubuntu.swift in Sources */ = {isa = PBXBuildFile; fileRef = DDC45F252C58811A00A38EBB /* Ubuntu.swift */; };
		DDC45F292C58841E00A38EBB /* View.swift in Sources */ = {isa = PBXBuildFile; fileRef = DDC45F282C58841E00A38EBB /* View.swift */; };
		DDC45F2B2C5886C200A38EBB /* Date.swift in Sources */ = {isa = PBXBuildFile; fileRef = DDC45F2A2C5886C200A38EBB /* Date.swift */; };
		DDC45F2D2C58910700A38EBB /* Task.swift in Sources */ = {isa = PBXBuildFile; fileRef = DDC45F2C2C58910700A38EBB /* Task.swift */; };
		DDC45F2F2C58918300A38EBB /* TaskCategory.swift in Sources */ = {isa = PBXBuildFile; fileRef = DDC45F2E2C58918300A38EBB /* TaskCategory.swift */; };
		DDC45F312C5899A200A38EBB /* AddTaskView.swift in Sources */ = {isa = PBXBuildFile; fileRef = DDC45F302C5899A100A38EBB /* AddTaskView.swift */; };
		DDC45F332C58C4CE00A38EBB /* HeaderWeekSlider.swift in Sources */ = {isa = PBXBuildFile; fileRef = DDC45F322C58C4CE00A38EBB /* HeaderWeekSlider.swift */; };
/* End PBXBuildFile section */

/* Begin PBXFileReference section */
		DD3E7F042C952B88004FD76C /* DetailTask.swift */ = {isa = PBXFileReference; lastKnownFileType = sourcecode.swift; path = DetailTask.swift; sourceTree = "<group>"; };
		DD6488AD2C645CCA00506BD7 /* OffsetKey.swift */ = {isa = PBXFileReference; lastKnownFileType = sourcecode.swift; path = OffsetKey.swift; sourceTree = "<group>"; };
		DDA84EE82C53897C00F5EC50 /* TaskManagement.app */ = {isa = PBXFileReference; explicitFileType = wrapper.application; includeInIndex = 0; path = TaskManagement.app; sourceTree = BUILT_PRODUCTS_DIR; };
		DDA84EEB2C53897C00F5EC50 /* TaskManagementApp.swift */ = {isa = PBXFileReference; lastKnownFileType = sourcecode.swift; path = TaskManagementApp.swift; sourceTree = "<group>"; };
		DDA84EED2C53897C00F5EC50 /* ContentView.swift */ = {isa = PBXFileReference; lastKnownFileType = sourcecode.swift; path = ContentView.swift; sourceTree = "<group>"; };
		DDA84EEF2C53897E00F5EC50 /* Assets.xcassets */ = {isa = PBXFileReference; lastKnownFileType = folder.assetcatalog; path = Assets.xcassets; sourceTree = "<group>"; };
		DDA84EF22C53897E00F5EC50 /* Preview Assets.xcassets */ = {isa = PBXFileReference; lastKnownFileType = folder.assetcatalog; path = "Preview Assets.xcassets"; sourceTree = "<group>"; };
		DDC45F1A2C587F2F00A38EBB /* Ubuntu-Regular.ttf */ = {isa = PBXFileReference; lastKnownFileType = file; path = "Ubuntu-Regular.ttf"; sourceTree = "<group>"; };
		DDC45F1B2C587F2F00A38EBB /* Ubuntu-Bold.ttf */ = {isa = PBXFileReference; lastKnownFileType = file; path = "Ubuntu-Bold.ttf"; sourceTree = "<group>"; };
		DDC45F1C2C587F2F00A38EBB /* Ubuntu-Medium.ttf */ = {isa = PBXFileReference; lastKnownFileType = file; path = "Ubuntu-Medium.ttf"; sourceTree = "<group>"; };
		DDC45F1D2C587F2F00A38EBB /* Ubuntu-Light.ttf */ = {isa = PBXFileReference; lastKnownFileType = file; path = "Ubuntu-Light.ttf"; sourceTree = "<group>"; };
		DDC45F222C587F5700A38EBB /* Info.plist */ = {isa = PBXFileReference; lastKnownFileType = text.plist; path = Info.plist; sourceTree = "<group>"; };
		DDC45F232C587FB100A38EBB /* Home.swift */ = {isa = PBXFileReference; lastKnownFileType = sourcecode.swift; path = Home.swift; sourceTree = "<group>"; };
		DDC45F252C58811A00A38EBB /* Ubuntu.swift */ = {isa = PBXFileReference; lastKnownFileType = sourcecode.swift; path = Ubuntu.swift; sourceTree = "<group>"; };
		DDC45F282C58841E00A38EBB /* View.swift */ = {isa = PBXFileReference; lastKnownFileType = sourcecode.swift; path = View.swift; sourceTree = "<group>"; };
		DDC45F2A2C5886C200A38EBB /* Date.swift */ = {isa = PBXFileReference; lastKnownFileType = sourcecode.swift; path = Date.swift; sourceTree = "<group>"; };
		DDC45F2C2C58910700A38EBB /* Task.swift */ = {isa = PBXFileReference; lastKnownFileType = sourcecode.swift; path = Task.swift; sourceTree = "<group>"; };
		DDC45F2E2C58918300A38EBB /* TaskCategory.swift */ = {isa = PBXFileReference; lastKnownFileType = sourcecode.swift; path = TaskCategory.swift; sourceTree = "<group>"; };
		DDC45F302C5899A100A38EBB /* AddTaskView.swift */ = {isa = PBXFileReference; lastKnownFileType = sourcecode.swift; path = AddTaskView.swift; sourceTree = "<group>"; };
		DDC45F322C58C4CE00A38EBB /* HeaderWeekSlider.swift */ = {isa = PBXFileReference; lastKnownFileType = sourcecode.swift; path = HeaderWeekSlider.swift; sourceTree = "<group>"; };
/* End PBXFileReference section */

/* Begin PBXFrameworksBuildPhase section */
		DDA84EE52C53897C00F5EC50 /* Frameworks */ = {
			isa = PBXFrameworksBuildPhase;
			buildActionMask = 2147483647;
			files = (
			);
			runOnlyForDeploymentPostprocessing = 0;
		};
/* End PBXFrameworksBuildPhase section */

/* Begin PBXGroup section */
		DD6488AC2C645C7700506BD7 /* Helper */ = {
			isa = PBXGroup;
			children = (
				DD6488AD2C645CCA00506BD7 /* OffsetKey.swift */,
			);
			path = Helper;
			sourceTree = "<group>";
		};
		DDA84EDF2C53897C00F5EC50 = {
			isa = PBXGroup;
			children = (
				DDA84EEA2C53897C00F5EC50 /* TaskManagement */,
				DDA84EE92C53897C00F5EC50 /* Products */,
			);
			sourceTree = "<group>";
		};
		DDA84EE92C53897C00F5EC50 /* Products */ = {
			isa = PBXGroup;
			children = (
				DDA84EE82C53897C00F5EC50 /* TaskManagement.app */,
			);
			name = Products;
			sourceTree = "<group>";
		};
		DDA84EEA2C53897C00F5EC50 /* TaskManagement */ = {
			isa = PBXGroup;
			children = (
				DD6488AC2C645C7700506BD7 /* Helper */,
				DDC45F272C5883F700A38EBB /* Extension */,
				DDC45F172C587E5D00A38EBB /* Font */,
				DDC45F182C587E6200A38EBB /* Model */,
				DDC45F192C587E6A00A38EBB /* View */,
				DDC45F222C587F5700A38EBB /* Info.plist */,
				DDA84EEB2C53897C00F5EC50 /* TaskManagementApp.swift */,
				DDA84EED2C53897C00F5EC50 /* ContentView.swift */,
				DDA84EEF2C53897E00F5EC50 /* Assets.xcassets */,
				DDA84EF12C53897E00F5EC50 /* Preview Content */,
			);
			path = TaskManagement;
			sourceTree = "<group>";
		};
		DDA84EF12C53897E00F5EC50 /* Preview Content */ = {
			isa = PBXGroup;
			children = (
				DDA84EF22C53897E00F5EC50 /* Preview Assets.xcassets */,
			);
			path = "Preview Content";
			sourceTree = "<group>";
		};
		DDC45F172C587E5D00A38EBB /* Font */ = {
			isa = PBXGroup;
			children = (
				DDC45F1B2C587F2F00A38EBB /* Ubuntu-Bold.ttf */,
				DDC45F1D2C587F2F00A38EBB /* Ubuntu-Light.ttf */,
				DDC45F1C2C587F2F00A38EBB /* Ubuntu-Medium.ttf */,
				DDC45F1A2C587F2F00A38EBB /* Ubuntu-Regular.ttf */,
			);
			path = Font;
			sourceTree = "<group>";
		};
		DDC45F182C587E6200A38EBB /* Model */ = {
			isa = PBXGroup;
			children = (
				DDC45F252C58811A00A38EBB /* Ubuntu.swift */,
				DDC45F2C2C58910700A38EBB /* Task.swift */,
				DDC45F2E2C58918300A38EBB /* TaskCategory.swift */,
			);
			path = Model;
			sourceTree = "<group>";
		};
		DDC45F192C587E6A00A38EBB /* View */ = {
			isa = PBXGroup;
			children = (
				DDC45F232C587FB100A38EBB /* Home.swift */,
				DDC45F302C5899A100A38EBB /* AddTaskView.swift */,
				DDC45F322C58C4CE00A38EBB /* HeaderWeekSlider.swift */,
				DD3E7F042C952B88004FD76C /* DetailTask.swift */,
			);
			path = View;
			sourceTree = "<group>";
		};
		DDC45F272C5883F700A38EBB /* Extension */ = {
			isa = PBXGroup;
			children = (
				DDC45F282C58841E00A38EBB /* View.swift */,
				DDC45F2A2C5886C200A38EBB /* Date.swift */,
			);
			path = Extension;
			sourceTree = "<group>";
		};
/* End PBXGroup section */

/* Begin PBXNativeTarget section */
		DDA84EE72C53897C00F5EC50 /* TaskManagement */ = {
			isa = PBXNativeTarget;
			buildConfigurationList = DDA84EF62C53897E00F5EC50 /* Build configuration list for PBXNativeTarget "TaskManagement" */;
			buildPhases = (
				DDA84EE42C53897C00F5EC50 /* Sources */,
				DDA84EE52C53897C00F5EC50 /* Frameworks */,
				DDA84EE62C53897C00F5EC50 /* Resources */,
			);
			buildRules = (
			);
			dependencies = (
			);
			name = TaskManagement;
			productName = TaskManagement;
			productReference = DDA84EE82C53897C00F5EC50 /* TaskManagement.app */;
			productType = "com.apple.product-type.application";
		};
/* End PBXNativeTarget section */

/* Begin PBXProject section */
		DDA84EE02C53897C00F5EC50 /* Project object */ = {
			isa = PBXProject;
			attributes = {
				BuildIndependentTargetsInParallel = 1;
				LastSwiftUpdateCheck = 1500;
				LastUpgradeCheck = 1500;
				TargetAttributes = {
					DDA84EE72C53897C00F5EC50 = {
						CreatedOnToolsVersion = 15.0.1;
					};
				};
			};
			buildConfigurationList = DDA84EE32C53897C00F5EC50 /* Build configuration list for PBXProject "TaskManagement" */;
			compatibilityVersion = "Xcode 14.0";
			developmentRegion = en;
			hasScannedForEncodings = 0;
			knownRegions = (
				en,
				Base,
			);
			mainGroup = DDA84EDF2C53897C00F5EC50;
			productRefGroup = DDA84EE92C53897C00F5EC50 /* Products */;
			projectDirPath = "";
			projectRoot = "";
			targets = (
				DDA84EE72C53897C00F5EC50 /* TaskManagement */,
			);
		};
/* End PBXProject section */

/* Begin PBXResourcesBuildPhase section */
		DDA84EE62C53897C00F5EC50 /* Resources */ = {
			isa = PBXResourcesBuildPhase;
			buildActionMask = 2147483647;
			files = (
				DDC45F1E2C587F2F00A38EBB /* Ubuntu-Regular.ttf in Resources */,
				DDC45F1F2C587F2F00A38EBB /* Ubuntu-Bold.ttf in Resources */,
				DDC45F202C587F2F00A38EBB /* Ubuntu-Medium.ttf in Resources */,
				DDC45F212C587F2F00A38EBB /* Ubuntu-Light.ttf in Resources */,
				DDA84EF32C53897E00F5EC50 /* Preview Assets.xcassets in Resources */,
				DDA84EF02C53897E00F5EC50 /* Assets.xcassets in Resources */,
			);
			runOnlyForDeploymentPostprocessing = 0;
		};
/* End PBXResourcesBuildPhase section */

/* Begin PBXSourcesBuildPhase section */
		DDA84EE42C53897C00F5EC50 /* Sources */ = {
			isa = PBXSourcesBuildPhase;
			buildActionMask = 2147483647;
			files = (
				DDA84EEE2C53897C00F5EC50 /* ContentView.swift in Sources */,
				DD3E7F052C952B88004FD76C /* DetailTask.swift in Sources */,
				DDC45F2B2C5886C200A38EBB /* Date.swift in Sources */,
				DD6488AE2C645CCA00506BD7 /* OffsetKey.swift in Sources */,
				DDC45F332C58C4CE00A38EBB /* HeaderWeekSlider.swift in Sources */,
				DDC45F242C587FB100A38EBB /* Home.swift in Sources */,
				DDC45F312C5899A200A38EBB /* AddTaskView.swift in Sources */,
				DDC45F292C58841E00A38EBB /* View.swift in Sources */,
				DDC45F262C58811B00A38EBB /* Ubuntu.swift in Sources */,
				DDC45F2D2C58910700A38EBB /* Task.swift in Sources */,
				DDC45F2F2C58918300A38EBB /* TaskCategory.swift in Sources */,
				DDA84EEC2C53897C00F5EC50 /* TaskManagementApp.swift in Sources */,
			);
			runOnlyForDeploymentPostprocessing = 0;
		};
/* End PBXSourcesBuildPhase section */

/* Begin XCBuildConfiguration section */
		DDA84EF42C53897E00F5EC50 /* Debug */ = {
			isa = XCBuildConfiguration;
			buildSettings = {
				ALWAYS_SEARCH_USER_PATHS = NO;
				ASSETCATALOG_COMPILER_GENERATE_SWIFT_ASSET_SYMBOL_EXTENSIONS = YES;
				CLANG_ANALYZER_NONNULL = YES;
				CLANG_ANALYZER_NUMBER_OBJECT_CONVERSION = YES_AGGRESSIVE;
				CLANG_CXX_LANGUAGE_STANDARD = "gnu++20";
				CLANG_ENABLE_MODULES = YES;
				CLANG_ENABLE_OBJC_ARC = YES;
				CLANG_ENABLE_OBJC_WEAK = YES;
				CLANG_WARN_BLOCK_CAPTURE_AUTORELEASING = YES;
				CLANG_WARN_BOOL_CONVERSION = YES;
				CLANG_WARN_COMMA = YES;
				CLANG_WARN_CONSTANT_CONVERSION = YES;
				CLANG_WARN_DEPRECATED_OBJC_IMPLEMENTATIONS = YES;
				CLANG_WARN_DIRECT_OBJC_ISA_USAGE = YES_ERROR;
				CLANG_WARN_DOCUMENTATION_COMMENTS = YES;
				CLANG_WARN_EMPTY_BODY = YES;
				CLANG_WARN_ENUM_CONVERSION = YES;
				CLANG_WARN_INFINITE_RECURSION = YES;
				CLANG_WARN_INT_CONVERSION = YES;
				CLANG_WARN_NON_LITERAL_NULL_CONVERSION = YES;
				CLANG_WARN_OBJC_IMPLICIT_RETAIN_SELF = YES;
				CLANG_WARN_OBJC_LITERAL_CONVERSION = YES;
				CLANG_WARN_OBJC_ROOT_CLASS = YES_ERROR;
				CLANG_WARN_QUOTED_INCLUDE_IN_FRAMEWORK_HEADER = YES;
				CLANG_WARN_RANGE_LOOP_ANALYSIS = YES;
				CLANG_WARN_STRICT_PROTOTYPES = YES;
				CLANG_WARN_SUSPICIOUS_MOVE = YES;
				CLANG_WARN_UNGUARDED_AVAILABILITY = YES_AGGRESSIVE;
				CLANG_WARN_UNREACHABLE_CODE = YES;
				CLANG_WARN__DUPLICATE_METHOD_MATCH = YES;
				COPY_PHASE_STRIP = NO;
				DEBUG_INFORMATION_FORMAT = dwarf;
				ENABLE_STRICT_OBJC_MSGSEND = YES;
				ENABLE_TESTABILITY = YES;
				ENABLE_USER_SCRIPT_SANDBOXING = YES;
				GCC_C_LANGUAGE_STANDARD = gnu17;
				GCC_DYNAMIC_NO_PIC = NO;
				GCC_NO_COMMON_BLOCKS = YES;
				GCC_OPTIMIZATION_LEVEL = 0;
				GCC_PREPROCESSOR_DEFINITIONS = (
					"DEBUG=1",
					"$(inherited)",
				);
				GCC_WARN_64_TO_32_BIT_CONVERSION = YES;
				GCC_WARN_ABOUT_RETURN_TYPE = YES_ERROR;
				GCC_WARN_UNDECLARED_SELECTOR = YES;
				GCC_WARN_UNINITIALIZED_AUTOS = YES_AGGRESSIVE;
				GCC_WARN_UNUSED_FUNCTION = YES;
				GCC_WARN_UNUSED_VARIABLE = YES;
				IPHONEOS_DEPLOYMENT_TARGET = 17.0;
				LOCALIZATION_PREFERS_STRING_CATALOGS = YES;
				MTL_ENABLE_DEBUG_INFO = INCLUDE_SOURCE;
				MTL_FAST_MATH = YES;
				ONLY_ACTIVE_ARCH = YES;
				SDKROOT = iphoneos;
				SWIFT_ACTIVE_COMPILATION_CONDITIONS = "DEBUG $(inherited)";
				SWIFT_OPTIMIZATION_LEVEL = "-Onone";
			};
			name = Debug;
		};
		DDA84EF52C53897E00F5EC50 /* Release */ = {
			isa = XCBuildConfiguration;
			buildSettings = {
				ALWAYS_SEARCH_USER_PATHS = NO;
				ASSETCATALOG_COMPILER_GENERATE_SWIFT_ASSET_SYMBOL_EXTENSIONS = YES;
				CLANG_ANALYZER_NONNULL = YES;
				CLANG_ANALYZER_NUMBER_OBJECT_CONVERSION = YES_AGGRESSIVE;
				CLANG_CXX_LANGUAGE_STANDARD = "gnu++20";
				CLANG_ENABLE_MODULES = YES;
				CLANG_ENABLE_OBJC_ARC = YES;
				CLANG_ENABLE_OBJC_WEAK = YES;
				CLANG_WARN_BLOCK_CAPTURE_AUTORELEASING = YES;
				CLANG_WARN_BOOL_CONVERSION = YES;
				CLANG_WARN_COMMA = YES;
				CLANG_WARN_CONSTANT_CONVERSION = YES;
				CLANG_WARN_DEPRECATED_OBJC_IMPLEMENTATIONS = YES;
				CLANG_WARN_DIRECT_OBJC_ISA_USAGE = YES_ERROR;
				CLANG_WARN_DOCUMENTATION_COMMENTS = YES;
				CLANG_WARN_EMPTY_BODY = YES;
				CLANG_WARN_ENUM_CONVERSION = YES;
				CLANG_WARN_INFINITE_RECURSION = YES;
				CLANG_WARN_INT_CONVERSION = YES;
				CLANG_WARN_NON_LITERAL_NULL_CONVERSION = YES;
				CLANG_WARN_OBJC_IMPLICIT_RETAIN_SELF = YES;
				CLANG_WARN_OBJC_LITERAL_CONVERSION = YES;
				CLANG_WARN_OBJC_ROOT_CLASS = YES_ERROR;
				CLANG_WARN_QUOTED_INCLUDE_IN_FRAMEWORK_HEADER = YES;
				CLANG_WARN_RANGE_LOOP_ANALYSIS = YES;
				CLANG_WARN_STRICT_PROTOTYPES = YES;
				CLANG_WARN_SUSPICIOUS_MOVE = YES;
				CLANG_WARN_UNGUARDED_AVAILABILITY = YES_AGGRESSIVE;
				CLANG_WARN_UNREACHABLE_CODE = YES;
				CLANG_WARN__DUPLICATE_METHOD_MATCH = YES;
				COPY_PHASE_STRIP = NO;
				DEBUG_INFORMATION_FORMAT = "dwarf-with-dsym";
				ENABLE_NS_ASSERTIONS = NO;
				ENABLE_STRICT_OBJC_MSGSEND = YES;
				ENABLE_USER_SCRIPT_SANDBOXING = YES;
				GCC_C_LANGUAGE_STANDARD = gnu17;
				GCC_NO_COMMON_BLOCKS = YES;
				GCC_WARN_64_TO_32_BIT_CONVERSION = YES;
				GCC_WARN_ABOUT_RETURN_TYPE = YES_ERROR;
				GCC_WARN_UNDECLARED_SELECTOR = YES;
				GCC_WARN_UNINITIALIZED_AUTOS = YES_AGGRESSIVE;
				GCC_WARN_UNUSED_FUNCTION = YES;
				GCC_WARN_UNUSED_VARIABLE = YES;
				IPHONEOS_DEPLOYMENT_TARGET = 17.0;
				LOCALIZATION_PREFERS_STRING_CATALOGS = YES;
				MTL_ENABLE_DEBUG_INFO = NO;
				MTL_FAST_MATH = YES;
				SDKROOT = iphoneos;
				SWIFT_COMPILATION_MODE = wholemodule;
				VALIDATE_PRODUCT = YES;
			};
			name = Release;
		};
		DDA84EF72C53897E00F5EC50 /* Debug */ = {
			isa = XCBuildConfiguration;
			buildSettings = {
				ASSETCATALOG_COMPILER_APPICON_NAME = AppIcon;
				ASSETCATALOG_COMPILER_GLOBAL_ACCENT_COLOR_NAME = AccentColor;
				CODE_SIGN_STYLE = Automatic;
				CURRENT_PROJECT_VERSION = 1;
				DEVELOPMENT_ASSET_PATHS = "\"TaskManagement/Preview Content\"";
				DEVELOPMENT_TEAM = 4BB9BFSL47;
				ENABLE_PREVIEWS = YES;
				GENERATE_INFOPLIST_FILE = YES;
				INFOPLIST_FILE = TaskManagement/Info.plist;
				INFOPLIST_KEY_CFBundleDisplayName = "Task Bunny";
				INFOPLIST_KEY_UIApplicationSceneManifest_Generation = YES;
				INFOPLIST_KEY_UIApplicationSupportsIndirectInputEvents = YES;
				INFOPLIST_KEY_UILaunchScreen_Generation = YES;
				INFOPLIST_KEY_UILaunchStoryboardName = "Launch Screen.storyboard";
				INFOPLIST_KEY_UISupportedInterfaceOrientations = UIInterfaceOrientationPortrait;
				LD_RUNPATH_SEARCH_PATHS = (
					"$(inherited)",
					"@executable_path/Frameworks",
				);
				MARKETING_VERSION = 1.0;
				PRODUCT_BUNDLE_IDENTIFIER = com.iamblue.TaskManagement;
				PRODUCT_NAME = "$(TARGET_NAME)";
				SWIFT_EMIT_LOC_STRINGS = YES;
				SWIFT_VERSION = 5.0;
				TARGETED_DEVICE_FAMILY = "1,2";
			};
			name = Debug;
		};
		DDA84EF82C53897E00F5EC50 /* Release */ = {
			isa = XCBuildConfiguration;
			buildSettings = {
				ASSETCATALOG_COMPILER_APPICON_NAME = AppIcon;
				ASSETCATALOG_COMPILER_GLOBAL_ACCENT_COLOR_NAME = AccentColor;
				CODE_SIGN_STYLE = Automatic;
				CURRENT_PROJECT_VERSION = 1;
				DEVELOPMENT_ASSET_PATHS = "\"TaskManagement/Preview Content\"";
				DEVELOPMENT_TEAM = 4BB9BFSL47;
				ENABLE_PREVIEWS = YES;
				GENERATE_INFOPLIST_FILE = YES;
				INFOPLIST_FILE = TaskManagement/Info.plist;
				INFOPLIST_KEY_CFBundleDisplayName = "Task Bunny";
				INFOPLIST_KEY_UIApplicationSceneManifest_Generation = YES;
				INFOPLIST_KEY_UIApplicationSupportsIndirectInputEvents = YES;
				INFOPLIST_KEY_UILaunchScreen_Generation = YES;
				INFOPLIST_KEY_UILaunchStoryboardName = "Launch Screen.storyboard";
				INFOPLIST_KEY_UISupportedInterfaceOrientations = UIInterfaceOrientationPortrait;
				LD_RUNPATH_SEARCH_PATHS = (
					"$(inherited)",
					"@executable_path/Frameworks",
				);
				MARKETING_VERSION = 1.0;
				PRODUCT_BUNDLE_IDENTIFIER = com.iamblue.TaskManagement;
				PRODUCT_NAME = "$(TARGET_NAME)";
				SWIFT_EMIT_LOC_STRINGS = YES;
				SWIFT_VERSION = 5.0;
				TARGETED_DEVICE_FAMILY = "1,2";
			};
			name = Release;
		};
/* End XCBuildConfiguration section */

/* Begin XCConfigurationList section */
		DDA84EE32C53897C00F5EC50 /* Build configuration list for PBXProject "TaskManagement" */ = {
			isa = XCConfigurationList;
			buildConfigurations = (
				DDA84EF42C53897E00F5EC50 /* Debug */,
				DDA84EF52C53897E00F5EC50 /* Release */,
			);
			defaultConfigurationIsVisible = 0;
			defaultConfigurationName = Release;
		};
		DDA84EF62C53897E00F5EC50 /* Build configuration list for PBXNativeTarget "TaskManagement" */ = {
			isa = XCConfigurationList;
			buildConfigurations = (
				DDA84EF72C53897E00F5EC50 /* Debug */,
				DDA84EF82C53897E00F5EC50 /* Release */,
			);
			defaultConfigurationIsVisible = 0;
			defaultConfigurationName = Release;
		};
/* End XCConfigurationList section */
	};
	rootObject = DDA84EE02C53897C00F5EC50 /* Project object */;
}
